
Microsoft Visual Studio Solution File, Format Version 12.00
# Visual Studio Version 17
VisualStudioVersion = 17.0.31903.59
MinimumVisualStudioVersion = 10.0.40219.1
Project("{2150E333-8FDC-42A3-9474-1A3956D46DE8}") = "src", "src", "{25332A39-75AD-4C46-B5DE-08DEE4E709A9}"
EndProject
Project("{FAE04EC0-301F-11D3-BF4B-00C04F79EFBC}") = "BasicResults", "src\BasicResults\BasicResults.csproj", "{C6A84292-FD28-4421-AAD5-41F68DB7932B}"
EndProject
Project("{2150E333-8FDC-42A3-9474-1A3956D46DE8}") = "tests", "tests", "{1AE82FEB-AD8F-4E38-ADAD-D93287778B80}"
EndProject
Project("{FAE04EC0-301F-11D3-BF4B-00C04F79EFBC}") = "BasicResults.Tests", "tests\BasicResults.Tests\BasicResults.Tests.csproj", "{50DFCB82-9465-4433-A7DA-D68016337FA7}"
EndProject
Global
	GlobalSection(SolutionConfigurationPlatforms) = preSolution
		Debug|Any CPU = Debug|Any CPU
		Release|Any CPU = Release|Any CPU
	EndGlobalSection
	GlobalSection(SolutionProperties) = preSolution
		HideSolutionNode = FALSE
	EndGlobalSection
	GlobalSection(ProjectConfigurationPlatforms) = postSolution
		{C6A84292-FD28-4421-AAD5-41F68DB7932B}.Debug|Any CPU.ActiveCfg = Debug|Any CPU
		{C6A84292-FD28-4421-AAD5-41F68DB7932B}.Debug|Any CPU.Build.0 = Debug|Any CPU
		{C6A84292-FD28-4421-AAD5-41F68DB7932B}.Release|Any CPU.ActiveCfg = Release|Any CPU
		{C6A84292-FD28-4421-AAD5-41F68DB7932B}.Release|Any CPU.Build.0 = Release|Any CPU
		{50DFCB82-9465-4433-A7DA-D68016337FA7}.Debug|Any CPU.ActiveCfg = Debug|Any CPU
		{50DFCB82-9465-4433-A7DA-D68016337FA7}.Debug|Any CPU.Build.0 = Debug|Any CPU
		{50DFCB82-9465-4433-A7DA-D68016337FA7}.Release|Any CPU.ActiveCfg = Release|Any CPU
		{50DFCB82-9465-4433-A7DA-D68016337FA7}.Release|Any CPU.Build.0 = Release|Any CPU
	EndGlobalSection
	GlobalSection(NestedProjects) = preSolution
		{C6A84292-FD28-4421-AAD5-41F68DB7932B} = {25332A39-75AD-4C46-B5DE-08DEE4E709A9}
		{50DFCB82-9465-4433-A7DA-D68016337FA7} = {1AE82FEB-AD8F-4E38-ADAD-D93287778B80}
	EndGlobalSection
EndGlobal
